
Microsoft Visual Studio Solution File, Format Version 12.00
# Visual Studio Version 17
VisualStudioVersion = 17.13.35919.96
MinimumVisualStudioVersion = 10.0.40219.1
Project("{FAE04EC0-301F-11D3-BF4B-00C04F79EFBC}") = "python lexer dotnet", "python lexer dotnet\python lexer dotnet.csproj", "{504F643A-EB55-41C8-A18B-F51AFB26DDC8}"
EndProject
Project("{FAE04EC0-301F-11D3-BF4B-00C04F79EFBC}") = "PythonLexerDotnet.Tests", "PythonLexerDotnet.Tests\PythonLexerDotnet.Tests.csproj", "{D6287CB9-DF44-49C2-B49D-1DA19A8FD297}"
EndProject
Global
	GlobalSection(SolutionConfigurationPlatforms) = preSolution
		Debug|Any CPU = Debug|Any CPU
		Release|Any CPU = Release|Any CPU
	EndGlobalSection
	GlobalSection(ProjectConfigurationPlatforms) = postSolution
		{504F643A-EB55-41C8-A18B-F51AFB26DDC8}.Debug|Any CPU.ActiveCfg = Debug|Any CPU
		{504F643A-EB55-41C8-A18B-F51AFB26DDC8}.Debug|Any CPU.Build.0 = Debug|Any CPU
		{504F643A-EB55-41C8-A18B-F51AFB26DDC8}.Release|Any CPU.ActiveCfg = Release|Any CPU
		{504F643A-EB55-41C8-A18B-F51AFB26DDC8}.Release|Any CPU.Build.0 = Release|Any CPU
		{D6287CB9-DF44-49C2-B49D-1DA19A8FD297}.Debug|Any CPU.ActiveCfg = Debug|Any CPU
		{D6287CB9-DF44-49C2-B49D-1DA19A8FD297}.Debug|Any CPU.Build.0 = Debug|Any CPU
		{D6287CB9-DF44-49C2-B49D-1DA19A8FD297}.Release|Any CPU.ActiveCfg = Release|Any CPU
		{D6287CB9-DF44-49C2-B49D-1DA19A8FD297}.Release|Any CPU.Build.0 = Release|Any CPU
	EndGlobalSection
	GlobalSection(SolutionProperties) = preSolution
		HideSolutionNode = FALSE
	EndGlobalSection
	GlobalSection(ExtensibilityGlobals) = postSolution
		SolutionGuid = {6AEC0B2C-8C1F-4BF1-A902-F1481D4D7583}
	EndGlobalSection
EndGlobal
